
Microsoft Visual Studio Solution File, Format Version 12.00
# Visual Studio Version 17
VisualStudioVersion = 17.1.32421.90
MinimumVisualStudioVersion = 10.0.40219.1
Project("{FAE04EC0-301F-11D3-BF4B-00C04F79EFBC}") = "WpfApp", "WpfApp\WpfApp.csproj", "{7DE78563-E932-4A4B-803A-8F095EF3BDA5}"
EndProject
Global
	GlobalSection(SolutionConfigurationPlatforms) = preSolution
		Debug|Any CPU = Debug|Any CPU
		Release|Any CPU = Release|Any CPU
	EndGlobalSection
	GlobalSection(ProjectConfigurationPlatforms) = postSolution
		{7DE78563-E932-4A4B-803A-8F095EF3BDA5}.Debug|Any CPU.ActiveCfg = Debug|Any CPU
		{7DE78563-E932-4A4B-803A-8F095EF3BDA5}.Debug|Any CPU.Build.0 = Debug|Any CPU
		{7DE78563-E932-4A4B-803A-8F095EF3BDA5}.Release|Any CPU.ActiveCfg = Release|Any CPU
		{7DE78563-E932-4A4B-803A-8F095EF3BDA5}.Release|Any CPU.Build.0 = Release|Any CPU
	EndGlobalSection
	GlobalSection(SolutionProperties) = preSolution
		HideSolutionNode = FALSE
	EndGlobalSection
	GlobalSection(ExtensibilityGlobals) = postSolution
		SolutionGuid = {A39732BF-79DA-4F91-8144-9F50039916FC}
	EndGlobalSection
EndGlobal
